// !$*UTF8*$!
{
	archiveVersion = 1;
	classes = {
	};
	objectVersion = 56;
	objects = {

/* Begin PBXBuildFile section */
		3603C2182A9377EA005CE69C /* GameSetsListView.swift in Sources */ = {isa = PBXBuildFile; fileRef = 3603C2172A9377EA005CE69C /* GameSetsListView.swift */; };
		3603C21A2A93796A005CE69C /* SetViewController.swift in Sources */ = {isa = PBXBuildFile; fileRef = 3603C2192A93796A005CE69C /* SetViewController.swift */; };
		360E863F2A923769009B4348 /* Who_is_It_App.swift in Sources */ = {isa = PBXBuildFile; fileRef = 360E863E2A923769009B4348 /* Who_is_It_App.swift */; };
		360E86432A92376A009B4348 /* Assets.xcassets in Resources */ = {isa = PBXBuildFile; fileRef = 360E86422A92376A009B4348 /* Assets.xcassets */; };
		360E86462A92376A009B4348 /* Preview Assets.xcassets in Resources */ = {isa = PBXBuildFile; fileRef = 360E86452A92376A009B4348 /* Preview Assets.xcassets */; };
		360E864E2A9237DA009B4348 /* FirebaseAnalyticsSwift in Frameworks */ = {isa = PBXBuildFile; productRef = 360E864D2A9237DA009B4348 /* FirebaseAnalyticsSwift */; };
		360E86502A9237DA009B4348 /* FirebaseAuth in Frameworks */ = {isa = PBXBuildFile; productRef = 360E864F2A9237DA009B4348 /* FirebaseAuth */; };
		360E86522A9237DA009B4348 /* FirebaseFirestoreSwift in Frameworks */ = {isa = PBXBuildFile; productRef = 360E86512A9237DA009B4348 /* FirebaseFirestoreSwift */; };
		360E86542A923878009B4348 /* GoogleService-Info.plist in Resources */ = {isa = PBXBuildFile; fileRef = 360E86532A923877009B4348 /* GoogleService-Info.plist */; };
		363CC6322A94FBE3005C78BC /* ContentView.swift in Sources */ = {isa = PBXBuildFile; fileRef = 363CC6312A94FBE3005C78BC /* ContentView.swift */; };
		36C94A2F2A92483E00A8230C /* HelpView.swift in Sources */ = {isa = PBXBuildFile; fileRef = 36C94A282A92483E00A8230C /* HelpView.swift */; };
		36C94A302A92483E00A8230C /* PersonGameView.swift in Sources */ = {isa = PBXBuildFile; fileRef = 36C94A292A92483E00A8230C /* PersonGameView.swift */; };
		36C94A312A92483E00A8230C /* GameView.swift in Sources */ = {isa = PBXBuildFile; fileRef = 36C94A2A2A92483E00A8230C /* GameView.swift */; };
		36C94A322A92483E00A8230C /* EditView.swift in Sources */ = {isa = PBXBuildFile; fileRef = 36C94A2B2A92483E00A8230C /* EditView.swift */; };
		36C94A332A92483E00A8230C /* ProfileEditorView.swift in Sources */ = {isa = PBXBuildFile; fileRef = 36C94A2C2A92483E00A8230C /* ProfileEditorView.swift */; };
		36C94A352A92498200A8230C /* GameSet.swift in Sources */ = {isa = PBXBuildFile; fileRef = 36C94A342A92498200A8230C /* GameSet.swift */; };
/* End PBXBuildFile section */

/* Begin PBXFileReference section */
		3603C2172A9377EA005CE69C /* GameSetsListView.swift */ = {isa = PBXFileReference; lastKnownFileType = sourcecode.swift; path = GameSetsListView.swift; sourceTree = "<group>"; };
		3603C2192A93796A005CE69C /* SetViewController.swift */ = {isa = PBXFileReference; lastKnownFileType = sourcecode.swift; path = SetViewController.swift; sourceTree = "<group>"; };
		360E863B2A923769009B4348 /* Who is It?.app */ = {isa = PBXFileReference; explicitFileType = wrapper.application; includeInIndex = 0; path = "Who is It?.app"; sourceTree = BUILT_PRODUCTS_DIR; };
		360E863E2A923769009B4348 /* Who_is_It_App.swift */ = {isa = PBXFileReference; lastKnownFileType = sourcecode.swift; path = Who_is_It_App.swift; sourceTree = "<group>"; };
		360E86422A92376A009B4348 /* Assets.xcassets */ = {isa = PBXFileReference; lastKnownFileType = folder.assetcatalog; path = Assets.xcassets; sourceTree = "<group>"; };
		360E86452A92376A009B4348 /* Preview Assets.xcassets */ = {isa = PBXFileReference; lastKnownFileType = folder.assetcatalog; path = "Preview Assets.xcassets"; sourceTree = "<group>"; };
		360E86532A923877009B4348 /* GoogleService-Info.plist */ = {isa = PBXFileReference; fileEncoding = 4; lastKnownFileType = text.plist.xml; path = "GoogleService-Info.plist"; sourceTree = "<group>"; };
		363CC6312A94FBE3005C78BC /* ContentView.swift */ = {isa = PBXFileReference; fileEncoding = 4; lastKnownFileType = sourcecode.swift; path = ContentView.swift; sourceTree = "<group>"; };
		36C94A282A92483E00A8230C /* HelpView.swift */ = {isa = PBXFileReference; fileEncoding = 4; lastKnownFileType = sourcecode.swift; path = HelpView.swift; sourceTree = "<group>"; };
		36C94A292A92483E00A8230C /* PersonGameView.swift */ = {isa = PBXFileReference; fileEncoding = 4; lastKnownFileType = sourcecode.swift; path = PersonGameView.swift; sourceTree = "<group>"; };
		36C94A2A2A92483E00A8230C /* GameView.swift */ = {isa = PBXFileReference; fileEncoding = 4; lastKnownFileType = sourcecode.swift; path = GameView.swift; sourceTree = "<group>"; };
		36C94A2B2A92483E00A8230C /* EditView.swift */ = {isa = PBXFileReference; fileEncoding = 4; lastKnownFileType = sourcecode.swift; path = EditView.swift; sourceTree = "<group>"; };
		36C94A2C2A92483E00A8230C /* ProfileEditorView.swift */ = {isa = PBXFileReference; fileEncoding = 4; lastKnownFileType = sourcecode.swift; path = ProfileEditorView.swift; sourceTree = "<group>"; };
		36C94A342A92498200A8230C /* GameSet.swift */ = {isa = PBXFileReference; lastKnownFileType = sourcecode.swift; path = GameSet.swift; sourceTree = "<group>"; };
/* End PBXFileReference section */

/* Begin PBXFrameworksBuildPhase section */
		360E86382A923769009B4348 /* Frameworks */ = {
			isa = PBXFrameworksBuildPhase;
			buildActionMask = 2147483647;
			files = (
				360E864E2A9237DA009B4348 /* FirebaseAnalyticsSwift in Frameworks */,
				360E86502A9237DA009B4348 /* FirebaseAuth in Frameworks */,
				360E86522A9237DA009B4348 /* FirebaseFirestoreSwift in Frameworks */,
			);
			runOnlyForDeploymentPostprocessing = 0;
		};
/* End PBXFrameworksBuildPhase section */

/* Begin PBXGroup section */
		360E86322A923769009B4348 = {
			isa = PBXGroup;
			children = (
				360E863D2A923769009B4348 /* Who is It? */,
				360E863C2A923769009B4348 /* Products */,
			);
			sourceTree = "<group>";
		};
		360E863C2A923769009B4348 /* Products */ = {
			isa = PBXGroup;
			children = (
				360E863B2A923769009B4348 /* Who is It?.app */,
			);
			name = Products;
			sourceTree = "<group>";
		};
		360E863D2A923769009B4348 /* Who is It? */ = {
			isa = PBXGroup;
			children = (
				36C94A342A92498200A8230C /* GameSet.swift */,
				363CC6312A94FBE3005C78BC /* ContentView.swift */,
				3603C2172A9377EA005CE69C /* GameSetsListView.swift */,
				3603C2192A93796A005CE69C /* SetViewController.swift */,
				36C94A2B2A92483E00A8230C /* EditView.swift */,
				36C94A2A2A92483E00A8230C /* GameView.swift */,
				36C94A282A92483E00A8230C /* HelpView.swift */,
				36C94A292A92483E00A8230C /* PersonGameView.swift */,
				36C94A2C2A92483E00A8230C /* ProfileEditorView.swift */,
				360E863E2A923769009B4348 /* Who_is_It_App.swift */,
				360E86422A92376A009B4348 /* Assets.xcassets */,
				360E86532A923877009B4348 /* GoogleService-Info.plist */,
				360E86442A92376A009B4348 /* Preview Content */,
			);
			path = "Who is It?";
			sourceTree = "<group>";
		};
		360E86442A92376A009B4348 /* Preview Content */ = {
			isa = PBXGroup;
			children = (
				360E86452A92376A009B4348 /* Preview Assets.xcassets */,
			);
			path = "Preview Content";
			sourceTree = "<group>";
		};
/* End PBXGroup section */

/* Begin PBXNativeTarget section */
		360E863A2A923769009B4348 /* Who is It? */ = {
			isa = PBXNativeTarget;
			buildConfigurationList = 360E86492A92376A009B4348 /* Build configuration list for PBXNativeTarget "Who is It?" */;
			buildPhases = (
				360E86372A923769009B4348 /* Sources */,
				360E86382A923769009B4348 /* Frameworks */,
				360E86392A923769009B4348 /* Resources */,
			);
			buildRules = (
			);
			dependencies = (
			);
			name = "Who is It?";
			packageProductDependencies = (
				360E864D2A9237DA009B4348 /* FirebaseAnalyticsSwift */,
				360E864F2A9237DA009B4348 /* FirebaseAuth */,
				360E86512A9237DA009B4348 /* FirebaseFirestoreSwift */,
			);
			productName = "Who is It?";
			productReference = 360E863B2A923769009B4348 /* Who is It?.app */;
			productType = "com.apple.product-type.application";
		};
/* End PBXNativeTarget section */

/* Begin PBXProject section */
		360E86332A923769009B4348 /* Project object */ = {
			isa = PBXProject;
			attributes = {
				BuildIndependentTargetsInParallel = 1;
				LastSwiftUpdateCheck = 1430;
				LastUpgradeCheck = 1430;
				TargetAttributes = {
					360E863A2A923769009B4348 = {
						CreatedOnToolsVersion = 14.3.1;
					};
				};
			};
			buildConfigurationList = 360E86362A923769009B4348 /* Build configuration list for PBXProject "Who is It?" */;
			compatibilityVersion = "Xcode 14.0";
			developmentRegion = en;
			hasScannedForEncodings = 0;
			knownRegions = (
				en,
				Base,
			);
			mainGroup = 360E86322A923769009B4348;
			packageReferences = (
				360E864C2A9237D9009B4348 /* XCRemoteSwiftPackageReference "firebase-ios-sdk" */,
			);
			productRefGroup = 360E863C2A923769009B4348 /* Products */;
			projectDirPath = "";
			projectRoot = "";
			targets = (
				360E863A2A923769009B4348 /* Who is It? */,
			);
		};
/* End PBXProject section */

/* Begin PBXResourcesBuildPhase section */
		360E86392A923769009B4348 /* Resources */ = {
			isa = PBXResourcesBuildPhase;
			buildActionMask = 2147483647;
			files = (
				360E86462A92376A009B4348 /* Preview Assets.xcassets in Resources */,
				360E86432A92376A009B4348 /* Assets.xcassets in Resources */,
				360E86542A923878009B4348 /* GoogleService-Info.plist in Resources */,
			);
			runOnlyForDeploymentPostprocessing = 0;
		};
/* End PBXResourcesBuildPhase section */

/* Begin PBXSourcesBuildPhase section */
		360E86372A923769009B4348 /* Sources */ = {
			isa = PBXSourcesBuildPhase;
			buildActionMask = 2147483647;
			files = (
				36C94A352A92498200A8230C /* GameSet.swift in Sources */,
				363CC6322A94FBE3005C78BC /* ContentView.swift in Sources */,
				36C94A322A92483E00A8230C /* EditView.swift in Sources */,
				3603C2182A9377EA005CE69C /* GameSetsListView.swift in Sources */,
				36C94A2F2A92483E00A8230C /* HelpView.swift in Sources */,
				360E863F2A923769009B4348 /* Who_is_It_App.swift in Sources */,
				36C94A302A92483E00A8230C /* PersonGameView.swift in Sources */,
				36C94A332A92483E00A8230C /* ProfileEditorView.swift in Sources */,
				3603C21A2A93796A005CE69C /* SetViewController.swift in Sources */,
				36C94A312A92483E00A8230C /* GameView.swift in Sources */,
			);
			runOnlyForDeploymentPostprocessing = 0;
		};
/* End PBXSourcesBuildPhase section */

/* Begin XCBuildConfiguration section */
		360E86472A92376A009B4348 /* Debug */ = {
			isa = XCBuildConfiguration;
			buildSettings = {
				ALWAYS_SEARCH_USER_PATHS = NO;
				CLANG_ANALYZER_NONNULL = YES;
				CLANG_ANALYZER_NUMBER_OBJECT_CONVERSION = YES_AGGRESSIVE;
				CLANG_CXX_LANGUAGE_STANDARD = "gnu++20";
				CLANG_ENABLE_MODULES = YES;
				CLANG_ENABLE_OBJC_ARC = YES;
				CLANG_ENABLE_OBJC_WEAK = YES;
				CLANG_WARN_BLOCK_CAPTURE_AUTORELEASING = YES;
				CLANG_WARN_BOOL_CONVERSION = YES;
				CLANG_WARN_COMMA = YES;
				CLANG_WARN_CONSTANT_CONVERSION = YES;
				CLANG_WARN_DEPRECATED_OBJC_IMPLEMENTATIONS = YES;
				CLANG_WARN_DIRECT_OBJC_ISA_USAGE = YES_ERROR;
				CLANG_WARN_DOCUMENTATION_COMMENTS = YES;
				CLANG_WARN_EMPTY_BODY = YES;
				CLANG_WARN_ENUM_CONVERSION = YES;
				CLANG_WARN_INFINITE_RECURSION = YES;
				CLANG_WARN_INT_CONVERSION = YES;
				CLANG_WARN_NON_LITERAL_NULL_CONVERSION = YES;
				CLANG_WARN_OBJC_IMPLICIT_RETAIN_SELF = YES;
				CLANG_WARN_OBJC_LITERAL_CONVERSION = YES;
				CLANG_WARN_OBJC_ROOT_CLASS = YES_ERROR;
				CLANG_WARN_QUOTED_INCLUDE_IN_FRAMEWORK_HEADER = YES;
				CLANG_WARN_RANGE_LOOP_ANALYSIS = YES;
				CLANG_WARN_STRICT_PROTOTYPES = YES;
				CLANG_WARN_SUSPICIOUS_MOVE = YES;
				CLANG_WARN_UNGUARDED_AVAILABILITY = YES_AGGRESSIVE;
				CLANG_WARN_UNREACHABLE_CODE = YES;
				CLANG_WARN__DUPLICATE_METHOD_MATCH = YES;
				COPY_PHASE_STRIP = NO;
				DEBUG_INFORMATION_FORMAT = dwarf;
				ENABLE_STRICT_OBJC_MSGSEND = YES;
				ENABLE_TESTABILITY = YES;
				GCC_C_LANGUAGE_STANDARD = gnu11;
				GCC_DYNAMIC_NO_PIC = NO;
				GCC_NO_COMMON_BLOCKS = YES;
				GCC_OPTIMIZATION_LEVEL = 0;
				GCC_PREPROCESSOR_DEFINITIONS = (
					"DEBUG=1",
					"$(inherited)",
				);
				GCC_WARN_64_TO_32_BIT_CONVERSION = YES;
				GCC_WARN_ABOUT_RETURN_TYPE = YES_ERROR;
				GCC_WARN_UNDECLARED_SELECTOR = YES;
				GCC_WARN_UNINITIALIZED_AUTOS = YES_AGGRESSIVE;
				GCC_WARN_UNUSED_FUNCTION = YES;
				GCC_WARN_UNUSED_VARIABLE = YES;
				IPHONEOS_DEPLOYMENT_TARGET = 16.4;
				MTL_ENABLE_DEBUG_INFO = INCLUDE_SOURCE;
				MTL_FAST_MATH = YES;
				ONLY_ACTIVE_ARCH = YES;
				SDKROOT = iphoneos;
				SWIFT_ACTIVE_COMPILATION_CONDITIONS = DEBUG;
				SWIFT_OPTIMIZATION_LEVEL = "-Onone";
			};
			name = Debug;
		};
		360E86482A92376A009B4348 /* Release */ = {
			isa = XCBuildConfiguration;
			buildSettings = {
				ALWAYS_SEARCH_USER_PATHS = NO;
				CLANG_ANALYZER_NONNULL = YES;
				CLANG_ANALYZER_NUMBER_OBJECT_CONVERSION = YES_AGGRESSIVE;
				CLANG_CXX_LANGUAGE_STANDARD = "gnu++20";
				CLANG_ENABLE_MODULES = YES;
				CLANG_ENABLE_OBJC_ARC = YES;
				CLANG_ENABLE_OBJC_WEAK = YES;
				CLANG_WARN_BLOCK_CAPTURE_AUTORELEASING = YES;
				CLANG_WARN_BOOL_CONVERSION = YES;
				CLANG_WARN_COMMA = YES;
				CLANG_WARN_CONSTANT_CONVERSION = YES;
				CLANG_WARN_DEPRECATED_OBJC_IMPLEMENTATIONS = YES;
				CLANG_WARN_DIRECT_OBJC_ISA_USAGE = YES_ERROR;
				CLANG_WARN_DOCUMENTATION_COMMENTS = YES;
				CLANG_WARN_EMPTY_BODY = YES;
				CLANG_WARN_ENUM_CONVERSION = YES;
				CLANG_WARN_INFINITE_RECURSION = YES;
				CLANG_WARN_INT_CONVERSION = YES;
				CLANG_WARN_NON_LITERAL_NULL_CONVERSION = YES;
				CLANG_WARN_OBJC_IMPLICIT_RETAIN_SELF = YES;
				CLANG_WARN_OBJC_LITERAL_CONVERSION = YES;
				CLANG_WARN_OBJC_ROOT_CLASS = YES_ERROR;
				CLANG_WARN_QUOTED_INCLUDE_IN_FRAMEWORK_HEADER = YES;
				CLANG_WARN_RANGE_LOOP_ANALYSIS = YES;
				CLANG_WARN_STRICT_PROTOTYPES = YES;
				CLANG_WARN_SUSPICIOUS_MOVE = YES;
				CLANG_WARN_UNGUARDED_AVAILABILITY = YES_AGGRESSIVE;
				CLANG_WARN_UNREACHABLE_CODE = YES;
				CLANG_WARN__DUPLICATE_METHOD_MATCH = YES;
				COPY_PHASE_STRIP = NO;
				DEBUG_INFORMATION_FORMAT = "dwarf-with-dsym";
				ENABLE_NS_ASSERTIONS = NO;
				ENABLE_STRICT_OBJC_MSGSEND = YES;
				GCC_C_LANGUAGE_STANDARD = gnu11;
				GCC_NO_COMMON_BLOCKS = YES;
				GCC_WARN_64_TO_32_BIT_CONVERSION = YES;
				GCC_WARN_ABOUT_RETURN_TYPE = YES_ERROR;
				GCC_WARN_UNDECLARED_SELECTOR = YES;
				GCC_WARN_UNINITIALIZED_AUTOS = YES_AGGRESSIVE;
				GCC_WARN_UNUSED_FUNCTION = YES;
				GCC_WARN_UNUSED_VARIABLE = YES;
				IPHONEOS_DEPLOYMENT_TARGET = 16.4;
				MTL_ENABLE_DEBUG_INFO = NO;
				MTL_FAST_MATH = YES;
				SDKROOT = iphoneos;
				SWIFT_COMPILATION_MODE = wholemodule;
				SWIFT_OPTIMIZATION_LEVEL = "-O";
				VALIDATE_PRODUCT = YES;
			};
			name = Release;
		};
		360E864A2A92376A009B4348 /* Debug */ = {
			isa = XCBuildConfiguration;
			buildSettings = {
				ASSETCATALOG_COMPILER_APPICON_NAME = AppIcon;
				ASSETCATALOG_COMPILER_GLOBAL_ACCENT_COLOR_NAME = AccentColor;
				CODE_SIGN_ENTITLEMENTS = "Who is It?/Who is It?.entitlements";
				CODE_SIGN_STYLE = Automatic;
				CURRENT_PROJECT_VERSION = 1;
				DEVELOPMENT_ASSET_PATHS = "\"Who is It?/Preview Content\"";
				DEVELOPMENT_TEAM = UT547V498F;
				ENABLE_PREVIEWS = YES;
				GENERATE_INFOPLIST_FILE = YES;
				INFOPLIST_KEY_LSApplicationCategoryType = "public.app-category.games";
				INFOPLIST_KEY_UIApplicationSceneManifest_Generation = YES;
				INFOPLIST_KEY_UIApplicationSupportsIndirectInputEvents = YES;
				INFOPLIST_KEY_UILaunchScreen_Generation = YES;
				INFOPLIST_KEY_UISupportedInterfaceOrientations_iPad = "UIInterfaceOrientationPortrait UIInterfaceOrientationPortraitUpsideDown UIInterfaceOrientationLandscapeLeft UIInterfaceOrientationLandscapeRight";
				INFOPLIST_KEY_UISupportedInterfaceOrientations_iPhone = "UIInterfaceOrientationPortrait UIInterfaceOrientationLandscapeLeft UIInterfaceOrientationLandscapeRight";
				LD_RUNPATH_SEARCH_PATHS = (
					"$(inherited)",
					"@executable_path/Frameworks",
				);
				MARKETING_VERSION = 1.0;
				PRODUCT_BUNDLE_IDENTIFIER = "jacobhill.Who-is-It-";
				PRODUCT_NAME = "$(TARGET_NAME)";
				SWIFT_EMIT_LOC_STRINGS = YES;
				SWIFT_VERSION = 5.0;
				TARGETED_DEVICE_FAMILY = "1,2";
			};
			name = Debug;
		};
		360E864B2A92376A009B4348 /* Release */ = {
			isa = XCBuildConfiguration;
			buildSettings = {
				ASSETCATALOG_COMPILER_APPICON_NAME = AppIcon;
				ASSETCATALOG_COMPILER_GLOBAL_ACCENT_COLOR_NAME = AccentColor;
				CODE_SIGN_ENTITLEMENTS = "Who is It?/Who is It?.entitlements";
				CODE_SIGN_STYLE = Automatic;
				CURRENT_PROJECT_VERSION = 1;
				DEVELOPMENT_ASSET_PATHS = "\"Who is It?/Preview Content\"";
				DEVELOPMENT_TEAM = UT547V498F;
				ENABLE_PREVIEWS = YES;
				GENERATE_INFOPLIST_FILE = YES;
				INFOPLIST_KEY_LSApplicationCategoryType = "public.app-category.games";
				INFOPLIST_KEY_UIApplicationSceneManifest_Generation = YES;
				INFOPLIST_KEY_UIApplicationSupportsIndirectInputEvents = YES;
				INFOPLIST_KEY_UILaunchScreen_Generation = YES;
				INFOPLIST_KEY_UISupportedInterfaceOrientations_iPad = "UIInterfaceOrientationPortrait UIInterfaceOrientationPortraitUpsideDown UIInterfaceOrientationLandscapeLeft UIInterfaceOrientationLandscapeRight";
				INFOPLIST_KEY_UISupportedInterfaceOrientations_iPhone = "UIInterfaceOrientationPortrait UIInterfaceOrientationLandscapeLeft UIInterfaceOrientationLandscapeRight";
				LD_RUNPATH_SEARCH_PATHS = (
					"$(inherited)",
					"@executable_path/Frameworks",
				);
				MARKETING_VERSION = 1.0;
				PRODUCT_BUNDLE_IDENTIFIER = "jacobhill.Who-is-It";
				PRODUCT_NAME = "$(TARGET_NAME)";
				SWIFT_EMIT_LOC_STRINGS = YES;
				SWIFT_VERSION = 5.0;
				TARGETED_DEVICE_FAMILY = "1,2";
			};
			name = Release;
		};
/* End XCBuildConfiguration section */

/* Begin XCConfigurationList section */
		360E86362A923769009B4348 /* Build configuration list for PBXProject "Who is It?" */ = {
			isa = XCConfigurationList;
			buildConfigurations = (
				360E86472A92376A009B4348 /* Debug */,
				360E86482A92376A009B4348 /* Release */,
			);
			defaultConfigurationIsVisible = 0;
			defaultConfigurationName = Release;
		};
		360E86492A92376A009B4348 /* Build configuration list for PBXNativeTarget "Who is It?" */ = {
			isa = XCConfigurationList;
			buildConfigurations = (
				360E864A2A92376A009B4348 /* Debug */,
				360E864B2A92376A009B4348 /* Release */,
			);
			defaultConfigurationIsVisible = 0;
			defaultConfigurationName = Release;
		};
/* End XCConfigurationList section */

/* Begin XCRemoteSwiftPackageReference section */
		360E864C2A9237D9009B4348 /* XCRemoteSwiftPackageReference "firebase-ios-sdk" */ = {
			isa = XCRemoteSwiftPackageReference;
			repositoryURL = "https://github.com/firebase/firebase-ios-sdk";
			requirement = {
				kind = upToNextMajorVersion;
				minimumVersion = 10.0.0;
			};
		};
/* End XCRemoteSwiftPackageReference section */

/* Begin XCSwiftPackageProductDependency section */
		360E864D2A9237DA009B4348 /* FirebaseAnalyticsSwift */ = {
			isa = XCSwiftPackageProductDependency;
			package = 360E864C2A9237D9009B4348 /* XCRemoteSwiftPackageReference "firebase-ios-sdk" */;
			productName = FirebaseAnalyticsSwift;
		};
		360E864F2A9237DA009B4348 /* FirebaseAuth */ = {
			isa = XCSwiftPackageProductDependency;
			package = 360E864C2A9237D9009B4348 /* XCRemoteSwiftPackageReference "firebase-ios-sdk" */;
			productName = FirebaseAuth;
		};
		360E86512A9237DA009B4348 /* FirebaseFirestoreSwift */ = {
			isa = XCSwiftPackageProductDependency;
			package = 360E864C2A9237D9009B4348 /* XCRemoteSwiftPackageReference "firebase-ios-sdk" */;
			productName = FirebaseFirestoreSwift;
		};
/* End XCSwiftPackageProductDependency section */
	};
	rootObject = 360E86332A923769009B4348 /* Project object */;
}
